
Microsoft Visual Studio Solution File, Format Version 12.00
# Visual Studio Version 17
VisualStudioVersion = 17.1.32414.318
MinimumVisualStudioVersion = 10.0.40219.1
Project("{FAE04EC0-301F-11D3-BF4B-00C04F79EFBC}") = "c-sharp-id-parsing-web-service", "c-sharp-id-parsing-web-service\c-sharp-id-parsing-web-service.csproj", "{F6FB227B-05AF-4206-921D-CE9E75368494}"
EndProject
Global
	GlobalSection(SolutionConfigurationPlatforms) = preSolution
		Debug|Any CPU = Debug|Any CPU
		Release|Any CPU = Release|Any CPU
	EndGlobalSection
	GlobalSection(ProjectConfigurationPlatforms) = postSolution
		{F6FB227B-05AF-4206-921D-CE9E75368494}.Debug|Any CPU.ActiveCfg = Debug|Any CPU
		{F6FB227B-05AF-4206-921D-CE9E75368494}.Debug|Any CPU.Build.0 = Debug|Any CPU
		{F6FB227B-05AF-4206-921D-CE9E75368494}.Release|Any CPU.ActiveCfg = Release|Any CPU
		{F6FB227B-05AF-4206-921D-CE9E75368494}.Release|Any CPU.Build.0 = Release|Any CPU
	EndGlobalSection
	GlobalSection(SolutionProperties) = preSolution
		HideSolutionNode = FALSE
	EndGlobalSection
	GlobalSection(ExtensibilityGlobals) = postSolution
		SolutionGuid = {BFFF84E8-4418-4C04-B215-EA1B46EC4607}
	EndGlobalSection
EndGlobal
